
Microsoft Visual Studio Solution File, Format Version 12.00
# Visual Studio 15
VisualStudioVersion = 15.0.28307.421
MinimumVisualStudioVersion = 10.0.40219.1
Project("{FAE04EC0-301F-11D3-BF4B-00C04F79EFBC}") = "Appoperativa.Android", "Appoperativa\Appoperativa.Android\Appoperativa.Android.csproj", "{F8E67A43-ABAC-4963-B424-1C4480DAFD78}"
EndProject
Project("{FAE04EC0-301F-11D3-BF4B-00C04F79EFBC}") = "Appoperativa.iOS", "Appoperativa\Appoperativa.iOS\Appoperativa.iOS.csproj", "{65C1B131-9681-4289-8472-26EF37DD3256}"
EndProject
Project("{9A19103F-16F7-4668-BE54-9A1E7A4F7556}") = "Appoperativa", "Appoperativa\Appoperativa\Appoperativa.csproj", "{0C97E5D8-77BE-4239-A02F-8F7202458226}"
EndProject
Project("{9A19103F-16F7-4668-BE54-9A1E7A4F7556}") = "WebServerLib", "WebServerLib\WebServerLib.csproj", "{959D4256-E2D3-4F7B-8ECA-384A3F2A80FD}"
EndProject
Project("{9A19103F-16F7-4668-BE54-9A1E7A4F7556}") = "DatabaseLib", "DatabaseLib\DatabaseLib.csproj", "{BDC69D4B-5035-43AE-A751-6A8C134ECE8E}"
EndProject
Project("{9A19103F-16F7-4668-BE54-9A1E7A4F7556}") = "DatabaseLibORM", "DatabaseLibORM\DatabaseLibORM.csproj", "{678A13E0-ECCB-44FB-B800-C68309F90F9E}"
EndProject
Project("{9A19103F-16F7-4668-BE54-9A1E7A4F7556}") = "WebApplicationop", "WebApplicationop\WebApplicationop.csproj", "{416F65F2-D3B1-4EA1-A07B-BD3679F9BC83}"
EndProject
Project("{FAE04EC0-301F-11D3-BF4B-00C04F79EFBC}") = "XUnitTestWebService", "XUnitTestWebService\XUnitTestWebService.csproj", "{B33C0E1E-2B9D-442B-8016-8C146E404ED5}"
EndProject
Global
	GlobalSection(SolutionConfigurationPlatforms) = preSolution
		Ad-Hoc|Any CPU = Ad-Hoc|Any CPU
		Ad-Hoc|iPhone = Ad-Hoc|iPhone
		Ad-Hoc|iPhoneSimulator = Ad-Hoc|iPhoneSimulator
		AppStore|Any CPU = AppStore|Any CPU
		AppStore|iPhone = AppStore|iPhone
		AppStore|iPhoneSimulator = AppStore|iPhoneSimulator
		Debug|Any CPU = Debug|Any CPU
		Debug|iPhone = Debug|iPhone
		Debug|iPhoneSimulator = Debug|iPhoneSimulator
		Release|Any CPU = Release|Any CPU
		Release|iPhone = Release|iPhone
		Release|iPhoneSimulator = Release|iPhoneSimulator
	EndGlobalSection
	GlobalSection(ProjectConfigurationPlatforms) = postSolution
		{F8E67A43-ABAC-4963-B424-1C4480DAFD78}.Ad-Hoc|Any CPU.ActiveCfg = Release|Any CPU
		{F8E67A43-ABAC-4963-B424-1C4480DAFD78}.Ad-Hoc|Any CPU.Build.0 = Release|Any CPU
		{F8E67A43-ABAC-4963-B424-1C4480DAFD78}.Ad-Hoc|Any CPU.Deploy.0 = Release|Any CPU
		{F8E67A43-ABAC-4963-B424-1C4480DAFD78}.Ad-Hoc|iPhone.ActiveCfg = Release|Any CPU
		{F8E67A43-ABAC-4963-B424-1C4480DAFD78}.Ad-Hoc|iPhone.Build.0 = Release|Any CPU
		{F8E67A43-ABAC-4963-B424-1C4480DAFD78}.Ad-Hoc|iPhone.Deploy.0 = Release|Any CPU
		{F8E67A43-ABAC-4963-B424-1C4480DAFD78}.Ad-Hoc|iPhoneSimulator.ActiveCfg = Release|Any CPU
		{F8E67A43-ABAC-4963-B424-1C4480DAFD78}.Ad-Hoc|iPhoneSimulator.Build.0 = Release|Any CPU
		{F8E67A43-ABAC-4963-B424-1C4480DAFD78}.Ad-Hoc|iPhoneSimulator.Deploy.0 = Release|Any CPU
		{F8E67A43-ABAC-4963-B424-1C4480DAFD78}.AppStore|Any CPU.ActiveCfg = Release|Any CPU
		{F8E67A43-ABAC-4963-B424-1C4480DAFD78}.AppStore|Any CPU.Build.0 = Release|Any CPU
		{F8E67A43-ABAC-4963-B424-1C4480DAFD78}.AppStore|Any CPU.Deploy.0 = Release|Any CPU
		{F8E67A43-ABAC-4963-B424-1C4480DAFD78}.AppStore|iPhone.ActiveCfg = Release|Any CPU
		{F8E67A43-ABAC-4963-B424-1C4480DAFD78}.AppStore|iPhone.Build.0 = Release|Any CPU
		{F8E67A43-ABAC-4963-B424-1C4480DAFD78}.AppStore|iPhone.Deploy.0 = Release|Any CPU
		{F8E67A43-ABAC-4963-B424-1C4480DAFD78}.AppStore|iPhoneSimulator.ActiveCfg = Release|Any CPU
		{F8E67A43-ABAC-4963-B424-1C4480DAFD78}.AppStore|iPhoneSimulator.Build.0 = Release|Any CPU
		{F8E67A43-ABAC-4963-B424-1C4480DAFD78}.AppStore|iPhoneSimulator.Deploy.0 = Release|Any CPU
		{F8E67A43-ABAC-4963-B424-1C4480DAFD78}.Debug|Any CPU.ActiveCfg = Debug|Any CPU
		{F8E67A43-ABAC-4963-B424-1C4480DAFD78}.Debug|Any CPU.Build.0 = Debug|Any CPU
		{F8E67A43-ABAC-4963-B424-1C4480DAFD78}.Debug|Any CPU.Deploy.0 = Debug|Any CPU
		{F8E67A43-ABAC-4963-B424-1C4480DAFD78}.Debug|iPhone.ActiveCfg = Debug|Any CPU
		{F8E67A43-ABAC-4963-B424-1C4480DAFD78}.Debug|iPhone.Build.0 = Debug|Any CPU
		{F8E67A43-ABAC-4963-B424-1C4480DAFD78}.Debug|iPhone.Deploy.0 = Debug|Any CPU
		{F8E67A43-ABAC-4963-B424-1C4480DAFD78}.Debug|iPhoneSimulator.ActiveCfg = Debug|Any CPU
		{F8E67A43-ABAC-4963-B424-1C4480DAFD78}.Debug|iPhoneSimulator.Build.0 = Debug|Any CPU
		{F8E67A43-ABAC-4963-B424-1C4480DAFD78}.Debug|iPhoneSimulator.Deploy.0 = Debug|Any CPU
		{F8E67A43-ABAC-4963-B424-1C4480DAFD78}.Release|Any CPU.ActiveCfg = Release|Any CPU
		{F8E67A43-ABAC-4963-B424-1C4480DAFD78}.Release|Any CPU.Build.0 = Release|Any CPU
		{F8E67A43-ABAC-4963-B424-1C4480DAFD78}.Release|Any CPU.Deploy.0 = Release|Any CPU
		{F8E67A43-ABAC-4963-B424-1C4480DAFD78}.Release|iPhone.ActiveCfg = Release|Any CPU
		{F8E67A43-ABAC-4963-B424-1C4480DAFD78}.Release|iPhone.Build.0 = Release|Any CPU
		{F8E67A43-ABAC-4963-B424-1C4480DAFD78}.Release|iPhone.Deploy.0 = Release|Any CPU
		{F8E67A43-ABAC-4963-B424-1C4480DAFD78}.Release|iPhoneSimulator.ActiveCfg = Release|Any CPU
		{F8E67A43-ABAC-4963-B424-1C4480DAFD78}.Release|iPhoneSimulator.Build.0 = Release|Any CPU
		{F8E67A43-ABAC-4963-B424-1C4480DAFD78}.Release|iPhoneSimulator.Deploy.0 = Release|Any CPU
		{65C1B131-9681-4289-8472-26EF37DD3256}.Ad-Hoc|Any CPU.ActiveCfg = Ad-Hoc|iPhone
		{65C1B131-9681-4289-8472-26EF37DD3256}.Ad-Hoc|Any CPU.Build.0 = Ad-Hoc|iPhone
		{65C1B131-9681-4289-8472-26EF37DD3256}.Ad-Hoc|Any CPU.Deploy.0 = Ad-Hoc|iPhone
		{65C1B131-9681-4289-8472-26EF37DD3256}.Ad-Hoc|iPhone.ActiveCfg = Ad-Hoc|iPhone
		{65C1B131-9681-4289-8472-26EF37DD3256}.Ad-Hoc|iPhone.Build.0 = Ad-Hoc|iPhone
		{65C1B131-9681-4289-8472-26EF37DD3256}.Ad-Hoc|iPhone.Deploy.0 = Ad-Hoc|iPhone
		{65C1B131-9681-4289-8472-26EF37DD3256}.Ad-Hoc|iPhoneSimulator.ActiveCfg = Ad-Hoc|iPhoneSimulator
		{65C1B131-9681-4289-8472-26EF37DD3256}.Ad-Hoc|iPhoneSimulator.Build.0 = Ad-Hoc|iPhoneSimulator
		{65C1B131-9681-4289-8472-26EF37DD3256}.Ad-Hoc|iPhoneSimulator.Deploy.0 = Ad-Hoc|iPhoneSimulator
		{65C1B131-9681-4289-8472-26EF37DD3256}.AppStore|Any CPU.ActiveCfg = AppStore|iPhone
		{65C1B131-9681-4289-8472-26EF37DD3256}.AppStore|Any CPU.Build.0 = AppStore|iPhone
		{65C1B131-9681-4289-8472-26EF37DD3256}.AppStore|Any CPU.Deploy.0 = AppStore|iPhone
		{65C1B131-9681-4289-8472-26EF37DD3256}.AppStore|iPhone.ActiveCfg = AppStore|iPhone
		{65C1B131-9681-4289-8472-26EF37DD3256}.AppStore|iPhone.Build.0 = AppStore|iPhone
		{65C1B131-9681-4289-8472-26EF37DD3256}.AppStore|iPhone.Deploy.0 = AppStore|iPhone
		{65C1B131-9681-4289-8472-26EF37DD3256}.AppStore|iPhoneSimulator.ActiveCfg = AppStore|iPhoneSimulator
		{65C1B131-9681-4289-8472-26EF37DD3256}.AppStore|iPhoneSimulator.Build.0 = AppStore|iPhoneSimulator
		{65C1B131-9681-4289-8472-26EF37DD3256}.AppStore|iPhoneSimulator.Deploy.0 = AppStore|iPhoneSimulator
		{65C1B131-9681-4289-8472-26EF37DD3256}.Debug|Any CPU.ActiveCfg = Debug|iPhoneSimulator
		{65C1B131-9681-4289-8472-26EF37DD3256}.Debug|Any CPU.Build.0 = Debug|iPhoneSimulator
		{65C1B131-9681-4289-8472-26EF37DD3256}.Debug|Any CPU.Deploy.0 = Debug|iPhoneSimulator
		{65C1B131-9681-4289-8472-26EF37DD3256}.Debug|iPhone.ActiveCfg = Debug|iPhone
		{65C1B131-9681-4289-8472-26EF37DD3256}.Debug|iPhone.Build.0 = Debug|iPhone
		{65C1B131-9681-4289-8472-26EF37DD3256}.Debug|iPhone.Deploy.0 = Debug|iPhone
		{65C1B131-9681-4289-8472-26EF37DD3256}.Debug|iPhoneSimulator.ActiveCfg = Debug|iPhoneSimulator
		{65C1B131-9681-4289-8472-26EF37DD3256}.Debug|iPhoneSimulator.Build.0 = Debug|iPhoneSimulator
		{65C1B131-9681-4289-8472-26EF37DD3256}.Debug|iPhoneSimulator.Deploy.0 = Debug|iPhoneSimulator
		{65C1B131-9681-4289-8472-26EF37DD3256}.Release|Any CPU.ActiveCfg = Release|iPhone
		{65C1B131-9681-4289-8472-26EF37DD3256}.Release|Any CPU.Build.0 = Release|iPhone
		{65C1B131-9681-4289-8472-26EF37DD3256}.Release|Any CPU.Deploy.0 = Release|iPhone
		{65C1B131-9681-4289-8472-26EF37DD3256}.Release|iPhone.ActiveCfg = Release|iPhone
		{65C1B131-9681-4289-8472-26EF37DD3256}.Release|iPhone.Build.0 = Release|iPhone
		{65C1B131-9681-4289-8472-26EF37DD3256}.Release|iPhone.Deploy.0 = Release|iPhone
		{65C1B131-9681-4289-8472-26EF37DD3256}.Release|iPhoneSimulator.ActiveCfg = Release|iPhoneSimulator
		{65C1B131-9681-4289-8472-26EF37DD3256}.Release|iPhoneSimulator.Build.0 = Release|iPhoneSimulator
		{65C1B131-9681-4289-8472-26EF37DD3256}.Release|iPhoneSimulator.Deploy.0 = Release|iPhoneSimulator
		{0C97E5D8-77BE-4239-A02F-8F7202458226}.Ad-Hoc|Any CPU.ActiveCfg = Debug|Any CPU
		{0C97E5D8-77BE-4239-A02F-8F7202458226}.Ad-Hoc|Any CPU.Build.0 = Debug|Any CPU
		{0C97E5D8-77BE-4239-A02F-8F7202458226}.Ad-Hoc|Any CPU.Deploy.0 = Debug|Any CPU
		{0C97E5D8-77BE-4239-A02F-8F7202458226}.Ad-Hoc|iPhone.ActiveCfg = Debug|Any CPU
		{0C97E5D8-77BE-4239-A02F-8F7202458226}.Ad-Hoc|iPhone.Build.0 = Debug|Any CPU
		{0C97E5D8-77BE-4239-A02F-8F7202458226}.Ad-Hoc|iPhone.Deploy.0 = Debug|Any CPU
		{0C97E5D8-77BE-4239-A02F-8F7202458226}.Ad-Hoc|iPhoneSimulator.ActiveCfg = Debug|Any CPU
		{0C97E5D8-77BE-4239-A02F-8F7202458226}.Ad-Hoc|iPhoneSimulator.Build.0 = Debug|Any CPU
		{0C97E5D8-77BE-4239-A02F-8F7202458226}.Ad-Hoc|iPhoneSimulator.Deploy.0 = Debug|Any CPU
		{0C97E5D8-77BE-4239-A02F-8F7202458226}.AppStore|Any CPU.ActiveCfg = Debug|Any CPU
		{0C97E5D8-77BE-4239-A02F-8F7202458226}.AppStore|Any CPU.Build.0 = Debug|Any CPU
		{0C97E5D8-77BE-4239-A02F-8F7202458226}.AppStore|Any CPU.Deploy.0 = Debug|Any CPU
		{0C97E5D8-77BE-4239-A02F-8F7202458226}.AppStore|iPhone.ActiveCfg = Debug|Any CPU
		{0C97E5D8-77BE-4239-A02F-8F7202458226}.AppStore|iPhone.Build.0 = Debug|Any CPU
		{0C97E5D8-77BE-4239-A02F-8F7202458226}.AppStore|iPhone.Deploy.0 = Debug|Any CPU
		{0C97E5D8-77BE-4239-A02F-8F7202458226}.AppStore|iPhoneSimulator.ActiveCfg = Debug|Any CPU
		{0C97E5D8-77BE-4239-A02F-8F7202458226}.AppStore|iPhoneSimulator.Build.0 = Debug|Any CPU
		{0C97E5D8-77BE-4239-A02F-8F7202458226}.AppStore|iPhoneSimulator.Deploy.0 = Debug|Any CPU
		{0C97E5D8-77BE-4239-A02F-8F7202458226}.Debug|Any CPU.ActiveCfg = Debug|Any CPU
		{0C97E5D8-77BE-4239-A02F-8F7202458226}.Debug|Any CPU.Build.0 = Debug|Any CPU
		{0C97E5D8-77BE-4239-A02F-8F7202458226}.Debug|Any CPU.Deploy.0 = Debug|Any CPU
		{0C97E5D8-77BE-4239-A02F-8F7202458226}.Debug|iPhone.ActiveCfg = Debug|Any CPU
		{0C97E5D8-77BE-4239-A02F-8F7202458226}.Debug|iPhone.Build.0 = Debug|Any CPU
		{0C97E5D8-77BE-4239-A02F-8F7202458226}.Debug|iPhone.Deploy.0 = Debug|Any CPU
		{0C97E5D8-77BE-4239-A02F-8F7202458226}.Debug|iPhoneSimulator.ActiveCfg = Debug|Any CPU
		{0C97E5D8-77BE-4239-A02F-8F7202458226}.Debug|iPhoneSimulator.Build.0 = Debug|Any CPU
		{0C97E5D8-77BE-4239-A02F-8F7202458226}.Debug|iPhoneSimulator.Deploy.0 = Debug|Any CPU
		{0C97E5D8-77BE-4239-A02F-8F7202458226}.Release|Any CPU.ActiveCfg = Release|Any CPU
		{0C97E5D8-77BE-4239-A02F-8F7202458226}.Release|Any CPU.Build.0 = Release|Any CPU
		{0C97E5D8-77BE-4239-A02F-8F7202458226}.Release|Any CPU.Deploy.0 = Release|Any CPU
		{0C97E5D8-77BE-4239-A02F-8F7202458226}.Release|iPhone.ActiveCfg = Release|Any CPU
		{0C97E5D8-77BE-4239-A02F-8F7202458226}.Release|iPhone.Build.0 = Release|Any CPU
		{0C97E5D8-77BE-4239-A02F-8F7202458226}.Release|iPhone.Deploy.0 = Release|Any CPU
		{0C97E5D8-77BE-4239-A02F-8F7202458226}.Release|iPhoneSimulator.ActiveCfg = Release|Any CPU
		{0C97E5D8-77BE-4239-A02F-8F7202458226}.Release|iPhoneSimulator.Build.0 = Release|Any CPU
		{0C97E5D8-77BE-4239-A02F-8F7202458226}.Release|iPhoneSimulator.Deploy.0 = Release|Any CPU
		{959D4256-E2D3-4F7B-8ECA-384A3F2A80FD}.Ad-Hoc|Any CPU.ActiveCfg = Debug|Any CPU
		{959D4256-E2D3-4F7B-8ECA-384A3F2A80FD}.Ad-Hoc|Any CPU.Build.0 = Debug|Any CPU
		{959D4256-E2D3-4F7B-8ECA-384A3F2A80FD}.Ad-Hoc|iPhone.ActiveCfg = Debug|Any CPU
		{959D4256-E2D3-4F7B-8ECA-384A3F2A80FD}.Ad-Hoc|iPhone.Build.0 = Debug|Any CPU
		{959D4256-E2D3-4F7B-8ECA-384A3F2A80FD}.Ad-Hoc|iPhoneSimulator.ActiveCfg = Debug|Any CPU
		{959D4256-E2D3-4F7B-8ECA-384A3F2A80FD}.Ad-Hoc|iPhoneSimulator.Build.0 = Debug|Any CPU
		{959D4256-E2D3-4F7B-8ECA-384A3F2A80FD}.AppStore|Any CPU.ActiveCfg = Debug|Any CPU
		{959D4256-E2D3-4F7B-8ECA-384A3F2A80FD}.AppStore|Any CPU.Build.0 = Debug|Any CPU
		{959D4256-E2D3-4F7B-8ECA-384A3F2A80FD}.AppStore|iPhone.ActiveCfg = Debug|Any CPU
		{959D4256-E2D3-4F7B-8ECA-384A3F2A80FD}.AppStore|iPhone.Build.0 = Debug|Any CPU
		{959D4256-E2D3-4F7B-8ECA-384A3F2A80FD}.AppStore|iPhoneSimulator.ActiveCfg = Debug|Any CPU
		{959D4256-E2D3-4F7B-8ECA-384A3F2A80FD}.AppStore|iPhoneSimulator.Build.0 = Debug|Any CPU
		{959D4256-E2D3-4F7B-8ECA-384A3F2A80FD}.Debug|Any CPU.ActiveCfg = Debug|Any CPU
		{959D4256-E2D3-4F7B-8ECA-384A3F2A80FD}.Debug|Any CPU.Build.0 = Debug|Any CPU
		{959D4256-E2D3-4F7B-8ECA-384A3F2A80FD}.Debug|iPhone.ActiveCfg = Debug|Any CPU
		{959D4256-E2D3-4F7B-8ECA-384A3F2A80FD}.Debug|iPhone.Build.0 = Debug|Any CPU
		{959D4256-E2D3-4F7B-8ECA-384A3F2A80FD}.Debug|iPhoneSimulator.ActiveCfg = Debug|Any CPU
		{959D4256-E2D3-4F7B-8ECA-384A3F2A80FD}.Debug|iPhoneSimulator.Build.0 = Debug|Any CPU
		{959D4256-E2D3-4F7B-8ECA-384A3F2A80FD}.Release|Any CPU.ActiveCfg = Release|Any CPU
		{959D4256-E2D3-4F7B-8ECA-384A3F2A80FD}.Release|Any CPU.Build.0 = Release|Any CPU
		{959D4256-E2D3-4F7B-8ECA-384A3F2A80FD}.Release|iPhone.ActiveCfg = Release|Any CPU
		{959D4256-E2D3-4F7B-8ECA-384A3F2A80FD}.Release|iPhone.Build.0 = Release|Any CPU
		{959D4256-E2D3-4F7B-8ECA-384A3F2A80FD}.Release|iPhoneSimulator.ActiveCfg = Release|Any CPU
		{959D4256-E2D3-4F7B-8ECA-384A3F2A80FD}.Release|iPhoneSimulator.Build.0 = Release|Any CPU
		{BDC69D4B-5035-43AE-A751-6A8C134ECE8E}.Ad-Hoc|Any CPU.ActiveCfg = Debug|Any CPU
		{BDC69D4B-5035-43AE-A751-6A8C134ECE8E}.Ad-Hoc|Any CPU.Build.0 = Debug|Any CPU
		{BDC69D4B-5035-43AE-A751-6A8C134ECE8E}.Ad-Hoc|iPhone.ActiveCfg = Debug|Any CPU
		{BDC69D4B-5035-43AE-A751-6A8C134ECE8E}.Ad-Hoc|iPhone.Build.0 = Debug|Any CPU
		{BDC69D4B-5035-43AE-A751-6A8C134ECE8E}.Ad-Hoc|iPhoneSimulator.ActiveCfg = Debug|Any CPU
		{BDC69D4B-5035-43AE-A751-6A8C134ECE8E}.Ad-Hoc|iPhoneSimulator.Build.0 = Debug|Any CPU
		{BDC69D4B-5035-43AE-A751-6A8C134ECE8E}.AppStore|Any CPU.ActiveCfg = Debug|Any CPU
		{BDC69D4B-5035-43AE-A751-6A8C134ECE8E}.AppStore|Any CPU.Build.0 = Debug|Any CPU
		{BDC69D4B-5035-43AE-A751-6A8C134ECE8E}.AppStore|iPhone.ActiveCfg = Debug|Any CPU
		{BDC69D4B-5035-43AE-A751-6A8C134ECE8E}.AppStore|iPhone.Build.0 = Debug|Any CPU
		{BDC69D4B-5035-43AE-A751-6A8C134ECE8E}.AppStore|iPhoneSimulator.ActiveCfg = Debug|Any CPU
		{BDC69D4B-5035-43AE-A751-6A8C134ECE8E}.AppStore|iPhoneSimulator.Build.0 = Debug|Any CPU
		{BDC69D4B-5035-43AE-A751-6A8C134ECE8E}.Debug|Any CPU.ActiveCfg = Debug|Any CPU
		{BDC69D4B-5035-43AE-A751-6A8C134ECE8E}.Debug|Any CPU.Build.0 = Debug|Any CPU
		{BDC69D4B-5035-43AE-A751-6A8C134ECE8E}.Debug|iPhone.ActiveCfg = Debug|Any CPU
		{BDC69D4B-5035-43AE-A751-6A8C134ECE8E}.Debug|iPhone.Build.0 = Debug|Any CPU
		{BDC69D4B-5035-43AE-A751-6A8C134ECE8E}.Debug|iPhoneSimulator.ActiveCfg = Debug|Any CPU
		{BDC69D4B-5035-43AE-A751-6A8C134ECE8E}.Debug|iPhoneSimulator.Build.0 = Debug|Any CPU
		{BDC69D4B-5035-43AE-A751-6A8C134ECE8E}.Release|Any CPU.ActiveCfg = Release|Any CPU
		{BDC69D4B-5035-43AE-A751-6A8C134ECE8E}.Release|Any CPU.Build.0 = Release|Any CPU
		{BDC69D4B-5035-43AE-A751-6A8C134ECE8E}.Release|iPhone.ActiveCfg = Release|Any CPU
		{BDC69D4B-5035-43AE-A751-6A8C134ECE8E}.Release|iPhone.Build.0 = Release|Any CPU
		{BDC69D4B-5035-43AE-A751-6A8C134ECE8E}.Release|iPhoneSimulator.ActiveCfg = Release|Any CPU
		{BDC69D4B-5035-43AE-A751-6A8C134ECE8E}.Release|iPhoneSimulator.Build.0 = Release|Any CPU
		{678A13E0-ECCB-44FB-B800-C68309F90F9E}.Ad-Hoc|Any CPU.ActiveCfg = Debug|Any CPU
		{678A13E0-ECCB-44FB-B800-C68309F90F9E}.Ad-Hoc|Any CPU.Build.0 = Debug|Any CPU
		{678A13E0-ECCB-44FB-B800-C68309F90F9E}.Ad-Hoc|iPhone.ActiveCfg = Debug|Any CPU
		{678A13E0-ECCB-44FB-B800-C68309F90F9E}.Ad-Hoc|iPhone.Build.0 = Debug|Any CPU
		{678A13E0-ECCB-44FB-B800-C68309F90F9E}.Ad-Hoc|iPhoneSimulator.ActiveCfg = Debug|Any CPU
		{678A13E0-ECCB-44FB-B800-C68309F90F9E}.Ad-Hoc|iPhoneSimulator.Build.0 = Debug|Any CPU
		{678A13E0-ECCB-44FB-B800-C68309F90F9E}.AppStore|Any CPU.ActiveCfg = Debug|Any CPU
		{678A13E0-ECCB-44FB-B800-C68309F90F9E}.AppStore|Any CPU.Build.0 = Debug|Any CPU
		{678A13E0-ECCB-44FB-B800-C68309F90F9E}.AppStore|iPhone.ActiveCfg = Debug|Any CPU
		{678A13E0-ECCB-44FB-B800-C68309F90F9E}.AppStore|iPhone.Build.0 = Debug|Any CPU
		{678A13E0-ECCB-44FB-B800-C68309F90F9E}.AppStore|iPhoneSimulator.ActiveCfg = Debug|Any CPU
		{678A13E0-ECCB-44FB-B800-C68309F90F9E}.AppStore|iPhoneSimulator.Build.0 = Debug|Any CPU
		{678A13E0-ECCB-44FB-B800-C68309F90F9E}.Debug|Any CPU.ActiveCfg = Debug|Any CPU
		{678A13E0-ECCB-44FB-B800-C68309F90F9E}.Debug|Any CPU.Build.0 = Debug|Any CPU
		{678A13E0-ECCB-44FB-B800-C68309F90F9E}.Debug|iPhone.ActiveCfg = Debug|Any CPU
		{678A13E0-ECCB-44FB-B800-C68309F90F9E}.Debug|iPhone.Build.0 = Debug|Any CPU
		{678A13E0-ECCB-44FB-B800-C68309F90F9E}.Debug|iPhoneSimulator.ActiveCfg = Debug|Any CPU
		{678A13E0-ECCB-44FB-B800-C68309F90F9E}.Debug|iPhoneSimulator.Build.0 = Debug|Any CPU
		{678A13E0-ECCB-44FB-B800-C68309F90F9E}.Release|Any CPU.ActiveCfg = Release|Any CPU
		{678A13E0-ECCB-44FB-B800-C68309F90F9E}.Release|Any CPU.Build.0 = Release|Any CPU
		{678A13E0-ECCB-44FB-B800-C68309F90F9E}.Release|iPhone.ActiveCfg = Release|Any CPU
		{678A13E0-ECCB-44FB-B800-C68309F90F9E}.Release|iPhone.Build.0 = Release|Any CPU
		{678A13E0-ECCB-44FB-B800-C68309F90F9E}.Release|iPhoneSimulator.ActiveCfg = Release|Any CPU
		{678A13E0-ECCB-44FB-B800-C68309F90F9E}.Release|iPhoneSimulator.Build.0 = Release|Any CPU
		{416F65F2-D3B1-4EA1-A07B-BD3679F9BC83}.Ad-Hoc|Any CPU.ActiveCfg = Debug|Any CPU
		{416F65F2-D3B1-4EA1-A07B-BD3679F9BC83}.Ad-Hoc|Any CPU.Build.0 = Debug|Any CPU
		{416F65F2-D3B1-4EA1-A07B-BD3679F9BC83}.Ad-Hoc|iPhone.ActiveCfg = Debug|Any CPU
		{416F65F2-D3B1-4EA1-A07B-BD3679F9BC83}.Ad-Hoc|iPhone.Build.0 = Debug|Any CPU
		{416F65F2-D3B1-4EA1-A07B-BD3679F9BC83}.Ad-Hoc|iPhoneSimulator.ActiveCfg = Debug|Any CPU
		{416F65F2-D3B1-4EA1-A07B-BD3679F9BC83}.Ad-Hoc|iPhoneSimulator.Build.0 = Debug|Any CPU
		{416F65F2-D3B1-4EA1-A07B-BD3679F9BC83}.AppStore|Any CPU.ActiveCfg = Debug|Any CPU
		{416F65F2-D3B1-4EA1-A07B-BD3679F9BC83}.AppStore|Any CPU.Build.0 = Debug|Any CPU
		{416F65F2-D3B1-4EA1-A07B-BD3679F9BC83}.AppStore|iPhone.ActiveCfg = Debug|Any CPU
		{416F65F2-D3B1-4EA1-A07B-BD3679F9BC83}.AppStore|iPhone.Build.0 = Debug|Any CPU
		{416F65F2-D3B1-4EA1-A07B-BD3679F9BC83}.AppStore|iPhoneSimulator.ActiveCfg = Debug|Any CPU
		{416F65F2-D3B1-4EA1-A07B-BD3679F9BC83}.AppStore|iPhoneSimulator.Build.0 = Debug|Any CPU
		{416F65F2-D3B1-4EA1-A07B-BD3679F9BC83}.Debug|Any CPU.ActiveCfg = Debug|Any CPU
		{416F65F2-D3B1-4EA1-A07B-BD3679F9BC83}.Debug|Any CPU.Build.0 = Debug|Any CPU
		{416F65F2-D3B1-4EA1-A07B-BD3679F9BC83}.Debug|iPhone.ActiveCfg = Debug|Any CPU
		{416F65F2-D3B1-4EA1-A07B-BD3679F9BC83}.Debug|iPhone.Build.0 = Debug|Any CPU
		{416F65F2-D3B1-4EA1-A07B-BD3679F9BC83}.Debug|iPhoneSimulator.ActiveCfg = Debug|Any CPU
		{416F65F2-D3B1-4EA1-A07B-BD3679F9BC83}.Debug|iPhoneSimulator.Build.0 = Debug|Any CPU
		{416F65F2-D3B1-4EA1-A07B-BD3679F9BC83}.Release|Any CPU.ActiveCfg = Release|Any CPU
		{416F65F2-D3B1-4EA1-A07B-BD3679F9BC83}.Release|Any CPU.Build.0 = Release|Any CPU
		{416F65F2-D3B1-4EA1-A07B-BD3679F9BC83}.Release|iPhone.ActiveCfg = Release|Any CPU
		{416F65F2-D3B1-4EA1-A07B-BD3679F9BC83}.Release|iPhone.Build.0 = Release|Any CPU
		{416F65F2-D3B1-4EA1-A07B-BD3679F9BC83}.Release|iPhoneSimulator.ActiveCfg = Release|Any CPU
		{416F65F2-D3B1-4EA1-A07B-BD3679F9BC83}.Release|iPhoneSimulator.Build.0 = Release|Any CPU
		{B33C0E1E-2B9D-442B-8016-8C146E404ED5}.Ad-Hoc|Any CPU.ActiveCfg = Debug|Any CPU
		{B33C0E1E-2B9D-442B-8016-8C146E404ED5}.Ad-Hoc|Any CPU.Build.0 = Debug|Any CPU
		{B33C0E1E-2B9D-442B-8016-8C146E404ED5}.Ad-Hoc|iPhone.ActiveCfg = Debug|Any CPU
		{B33C0E1E-2B9D-442B-8016-8C146E404ED5}.Ad-Hoc|iPhone.Build.0 = Debug|Any CPU
		{B33C0E1E-2B9D-442B-8016-8C146E404ED5}.Ad-Hoc|iPhoneSimulator.ActiveCfg = Debug|Any CPU
		{B33C0E1E-2B9D-442B-8016-8C146E404ED5}.Ad-Hoc|iPhoneSimulator.Build.0 = Debug|Any CPU
		{B33C0E1E-2B9D-442B-8016-8C146E404ED5}.AppStore|Any CPU.ActiveCfg = Debug|Any CPU
		{B33C0E1E-2B9D-442B-8016-8C146E404ED5}.AppStore|Any CPU.Build.0 = Debug|Any CPU
		{B33C0E1E-2B9D-442B-8016-8C146E404ED5}.AppStore|iPhone.ActiveCfg = Debug|Any CPU
		{B33C0E1E-2B9D-442B-8016-8C146E404ED5}.AppStore|iPhone.Build.0 = Debug|Any CPU
		{B33C0E1E-2B9D-442B-8016-8C146E404ED5}.AppStore|iPhoneSimulator.ActiveCfg = Debug|Any CPU
		{B33C0E1E-2B9D-442B-8016-8C146E404ED5}.AppStore|iPhoneSimulator.Build.0 = Debug|Any CPU
		{B33C0E1E-2B9D-442B-8016-8C146E404ED5}.Debug|Any CPU.ActiveCfg = Debug|Any CPU
		{B33C0E1E-2B9D-442B-8016-8C146E404ED5}.Debug|Any CPU.Build.0 = Debug|Any CPU
		{B33C0E1E-2B9D-442B-8016-8C146E404ED5}.Debug|iPhone.ActiveCfg = Debug|Any CPU
		{B33C0E1E-2B9D-442B-8016-8C146E404ED5}.Debug|iPhone.Build.0 = Debug|Any CPU
		{B33C0E1E-2B9D-442B-8016-8C146E404ED5}.Debug|iPhoneSimulator.ActiveCfg = Debug|Any CPU
		{B33C0E1E-2B9D-442B-8016-8C146E404ED5}.Debug|iPhoneSimulator.Build.0 = Debug|Any CPU
		{B33C0E1E-2B9D-442B-8016-8C146E404ED5}.Release|Any CPU.ActiveCfg = Release|Any CPU
		{B33C0E1E-2B9D-442B-8016-8C146E404ED5}.Release|Any CPU.Build.0 = Release|Any CPU
		{B33C0E1E-2B9D-442B-8016-8C146E404ED5}.Release|iPhone.ActiveCfg = Release|Any CPU
		{B33C0E1E-2B9D-442B-8016-8C146E404ED5}.Release|iPhone.Build.0 = Release|Any CPU
		{B33C0E1E-2B9D-442B-8016-8C146E404ED5}.Release|iPhoneSimulator.ActiveCfg = Release|Any CPU
		{B33C0E1E-2B9D-442B-8016-8C146E404ED5}.Release|iPhoneSimulator.Build.0 = Release|Any CPU
	EndGlobalSection
	GlobalSection(SolutionProperties) = preSolution
		HideSolutionNode = FALSE
	EndGlobalSection
	GlobalSection(ExtensibilityGlobals) = postSolution
		SolutionGuid = {D7514EB3-DEF2-43BC-8ED4-BB38C02847EC}
	EndGlobalSection
EndGlobal
